
Microsoft Visual Studio Solution File, Format Version 12.00
# Visual Studio 15
VisualStudioVersion = 15.0.28010.2041
MinimumVisualStudioVersion = 10.0.40219.1
Project("{8BC9CEB8-8B4A-11D0-8D11-00A0C91BC942}") = "Dimitriev18.3", "Dimitriev18.3\Dimitriev18.3.vcxproj", "{FAEB96A6-2EFE-4988-847A-893646E55EB8}"
EndProject
Global
	GlobalSection(SolutionConfigurationPlatforms) = preSolution
		Debug|x64 = Debug|x64
		Debug|x86 = Debug|x86
		Release|x64 = Release|x64
		Release|x86 = Release|x86
	EndGlobalSection
	GlobalSection(ProjectConfigurationPlatforms) = postSolution
		{FAEB96A6-2EFE-4988-847A-893646E55EB8}.Debug|x64.ActiveCfg = Debug|x64
		{FAEB96A6-2EFE-4988-847A-893646E55EB8}.Debug|x64.Build.0 = Debug|x64
		{FAEB96A6-2EFE-4988-847A-893646E55EB8}.Debug|x86.ActiveCfg = Debug|Win32
		{FAEB96A6-2EFE-4988-847A-893646E55EB8}.Debug|x86.Build.0 = Debug|Win32
		{FAEB96A6-2EFE-4988-847A-893646E55EB8}.Release|x64.ActiveCfg = Release|x64
		{FAEB96A6-2EFE-4988-847A-893646E55EB8}.Release|x64.Build.0 = Release|x64
		{FAEB96A6-2EFE-4988-847A-893646E55EB8}.Release|x86.ActiveCfg = Release|Win32
		{FAEB96A6-2EFE-4988-847A-893646E55EB8}.Release|x86.Build.0 = Release|Win32
	EndGlobalSection
	GlobalSection(SolutionProperties) = preSolution
		HideSolutionNode = FALSE
	EndGlobalSection
	GlobalSection(ExtensibilityGlobals) = postSolution
		SolutionGuid = {453321BF-EC05-4DB5-9AD5-BCA89A0EA242}
	EndGlobalSection
EndGlobal
