
Microsoft Visual Studio Solution File, Format Version 12.00
# Visual Studio 15
VisualStudioVersion = 15.0.28010.2041
MinimumVisualStudioVersion = 10.0.40219.1
Project("{8BC9CEB8-8B4A-11D0-8D11-00A0C91BC942}") = "Homework2Task", "Homework2Task\Homework2Task.vcxproj", "{73D05947-7347-49BF-9375-F31369CA0938}"
EndProject
Global
	GlobalSection(SolutionConfigurationPlatforms) = preSolution
		Debug|x64 = Debug|x64
		Debug|x86 = Debug|x86
		Release|x64 = Release|x64
		Release|x86 = Release|x86
	EndGlobalSection
	GlobalSection(ProjectConfigurationPlatforms) = postSolution
		{73D05947-7347-49BF-9375-F31369CA0938}.Debug|x64.ActiveCfg = Debug|x64
		{73D05947-7347-49BF-9375-F31369CA0938}.Debug|x64.Build.0 = Debug|x64
		{73D05947-7347-49BF-9375-F31369CA0938}.Debug|x86.ActiveCfg = Debug|Win32
		{73D05947-7347-49BF-9375-F31369CA0938}.Debug|x86.Build.0 = Debug|Win32
		{73D05947-7347-49BF-9375-F31369CA0938}.Release|x64.ActiveCfg = Release|x64
		{73D05947-7347-49BF-9375-F31369CA0938}.Release|x64.Build.0 = Release|x64
		{73D05947-7347-49BF-9375-F31369CA0938}.Release|x86.ActiveCfg = Release|Win32
		{73D05947-7347-49BF-9375-F31369CA0938}.Release|x86.Build.0 = Release|Win32
	EndGlobalSection
	GlobalSection(SolutionProperties) = preSolution
		HideSolutionNode = FALSE
	EndGlobalSection
	GlobalSection(ExtensibilityGlobals) = postSolution
		SolutionGuid = {BA1E6E9B-5193-49BA-A9F3-3F24D0018256}
	EndGlobalSection
EndGlobal
