
Microsoft Visual Studio Solution File, Format Version 12.00
# Visual Studio 15
VisualStudioVersion = 15.0.28010.2041
MinimumVisualStudioVersion = 10.0.40219.1
Project("{8BC9CEB8-8B4A-11D0-8D11-00A0C91BC942}") = "Homework_Dimitriev_1_tast", "Homework_Dimitriev_1_tast\Homework_Dimitriev_1_tast.vcxproj", "{D13BE363-CD4C-4777-AB02-5AC68A84D1EB}"
EndProject
Global
	GlobalSection(SolutionConfigurationPlatforms) = preSolution
		Debug|x64 = Debug|x64
		Debug|x86 = Debug|x86
		Release|x64 = Release|x64
		Release|x86 = Release|x86
	EndGlobalSection
	GlobalSection(ProjectConfigurationPlatforms) = postSolution
		{D13BE363-CD4C-4777-AB02-5AC68A84D1EB}.Debug|x64.ActiveCfg = Debug|x64
		{D13BE363-CD4C-4777-AB02-5AC68A84D1EB}.Debug|x64.Build.0 = Debug|x64
		{D13BE363-CD4C-4777-AB02-5AC68A84D1EB}.Debug|x86.ActiveCfg = Debug|Win32
		{D13BE363-CD4C-4777-AB02-5AC68A84D1EB}.Debug|x86.Build.0 = Debug|Win32
		{D13BE363-CD4C-4777-AB02-5AC68A84D1EB}.Release|x64.ActiveCfg = Release|x64
		{D13BE363-CD4C-4777-AB02-5AC68A84D1EB}.Release|x64.Build.0 = Release|x64
		{D13BE363-CD4C-4777-AB02-5AC68A84D1EB}.Release|x86.ActiveCfg = Release|Win32
		{D13BE363-CD4C-4777-AB02-5AC68A84D1EB}.Release|x86.Build.0 = Release|Win32
	EndGlobalSection
	GlobalSection(SolutionProperties) = preSolution
		HideSolutionNode = FALSE
	EndGlobalSection
	GlobalSection(ExtensibilityGlobals) = postSolution
		SolutionGuid = {B41898D9-A36F-4D7C-9883-94B4CE4CE86B}
	EndGlobalSection
EndGlobal
