
Microsoft Visual Studio Solution File, Format Version 12.00
# Visual Studio 15
VisualStudioVersion = 15.0.28010.2041
MinimumVisualStudioVersion = 10.0.40219.1
Project("{8BC9CEB8-8B4A-11D0-8D11-00A0C91BC942}") = "DR_Popravka", "DR_Popravka\DR_Popravka.vcxproj", "{B6B2AB08-6740-4951-9347-BE3CDD86236D}"
EndProject
Global
	GlobalSection(SolutionConfigurationPlatforms) = preSolution
		Debug|x64 = Debug|x64
		Debug|x86 = Debug|x86
		Release|x64 = Release|x64
		Release|x86 = Release|x86
	EndGlobalSection
	GlobalSection(ProjectConfigurationPlatforms) = postSolution
		{B6B2AB08-6740-4951-9347-BE3CDD86236D}.Debug|x64.ActiveCfg = Debug|x64
		{B6B2AB08-6740-4951-9347-BE3CDD86236D}.Debug|x64.Build.0 = Debug|x64
		{B6B2AB08-6740-4951-9347-BE3CDD86236D}.Debug|x86.ActiveCfg = Debug|Win32
		{B6B2AB08-6740-4951-9347-BE3CDD86236D}.Debug|x86.Build.0 = Debug|Win32
		{B6B2AB08-6740-4951-9347-BE3CDD86236D}.Release|x64.ActiveCfg = Release|x64
		{B6B2AB08-6740-4951-9347-BE3CDD86236D}.Release|x64.Build.0 = Release|x64
		{B6B2AB08-6740-4951-9347-BE3CDD86236D}.Release|x86.ActiveCfg = Release|Win32
		{B6B2AB08-6740-4951-9347-BE3CDD86236D}.Release|x86.Build.0 = Release|Win32
	EndGlobalSection
	GlobalSection(SolutionProperties) = preSolution
		HideSolutionNode = FALSE
	EndGlobalSection
	GlobalSection(ExtensibilityGlobals) = postSolution
		SolutionGuid = {43AC0EBE-3984-46E7-82CC-63640C6A4EED}
	EndGlobalSection
EndGlobal
