
Microsoft Visual Studio Solution File, Format Version 12.00
# Visual Studio 15
VisualStudioVersion = 15.0.28010.2041
MinimumVisualStudioVersion = 10.0.40219.1
Project("{8BC9CEB8-8B4A-11D0-8D11-00A0C91BC942}") = "Subev13.3", "Subev13.3\Subev13.3.vcxproj", "{6D4EACD4-B761-4690-84DB-9530E288096D}"
EndProject
Global
	GlobalSection(SolutionConfigurationPlatforms) = preSolution
		Debug|x64 = Debug|x64
		Debug|x86 = Debug|x86
		Release|x64 = Release|x64
		Release|x86 = Release|x86
	EndGlobalSection
	GlobalSection(ProjectConfigurationPlatforms) = postSolution
		{6D4EACD4-B761-4690-84DB-9530E288096D}.Debug|x64.ActiveCfg = Debug|x64
		{6D4EACD4-B761-4690-84DB-9530E288096D}.Debug|x64.Build.0 = Debug|x64
		{6D4EACD4-B761-4690-84DB-9530E288096D}.Debug|x86.ActiveCfg = Debug|Win32
		{6D4EACD4-B761-4690-84DB-9530E288096D}.Debug|x86.Build.0 = Debug|Win32
		{6D4EACD4-B761-4690-84DB-9530E288096D}.Release|x64.ActiveCfg = Release|x64
		{6D4EACD4-B761-4690-84DB-9530E288096D}.Release|x64.Build.0 = Release|x64
		{6D4EACD4-B761-4690-84DB-9530E288096D}.Release|x86.ActiveCfg = Release|Win32
		{6D4EACD4-B761-4690-84DB-9530E288096D}.Release|x86.Build.0 = Release|Win32
	EndGlobalSection
	GlobalSection(SolutionProperties) = preSolution
		HideSolutionNode = FALSE
	EndGlobalSection
	GlobalSection(ExtensibilityGlobals) = postSolution
		SolutionGuid = {2D56E1AC-6828-42A1-A164-409BC8048A98}
	EndGlobalSection
EndGlobal
