
Microsoft Visual Studio Solution File, Format Version 12.00
# Visual Studio 15
VisualStudioVersion = 15.0.28307.572
MinimumVisualStudioVersion = 10.0.40219.1
Project("{8BC9CEB8-8B4A-11D0-8D11-00A0C91BC942}") = "Dimitriev2Homewor1Task", "Dimitriev2Homewor1Task\Dimitriev2Homewor1Task.vcxproj", "{8E48D163-D3D7-4044-BF12-AB87F5B96B61}"
EndProject
Global
	GlobalSection(SolutionConfigurationPlatforms) = preSolution
		Debug|x64 = Debug|x64
		Debug|x86 = Debug|x86
		Release|x64 = Release|x64
		Release|x86 = Release|x86
	EndGlobalSection
	GlobalSection(ProjectConfigurationPlatforms) = postSolution
		{8E48D163-D3D7-4044-BF12-AB87F5B96B61}.Debug|x64.ActiveCfg = Debug|x64
		{8E48D163-D3D7-4044-BF12-AB87F5B96B61}.Debug|x64.Build.0 = Debug|x64
		{8E48D163-D3D7-4044-BF12-AB87F5B96B61}.Debug|x86.ActiveCfg = Debug|Win32
		{8E48D163-D3D7-4044-BF12-AB87F5B96B61}.Debug|x86.Build.0 = Debug|Win32
		{8E48D163-D3D7-4044-BF12-AB87F5B96B61}.Release|x64.ActiveCfg = Release|x64
		{8E48D163-D3D7-4044-BF12-AB87F5B96B61}.Release|x64.Build.0 = Release|x64
		{8E48D163-D3D7-4044-BF12-AB87F5B96B61}.Release|x86.ActiveCfg = Release|Win32
		{8E48D163-D3D7-4044-BF12-AB87F5B96B61}.Release|x86.Build.0 = Release|Win32
	EndGlobalSection
	GlobalSection(SolutionProperties) = preSolution
		HideSolutionNode = FALSE
	EndGlobalSection
	GlobalSection(ExtensibilityGlobals) = postSolution
		SolutionGuid = {3D99212C-DD47-4C72-B57D-FA33BF9B71C9}
	EndGlobalSection
EndGlobal
