
Microsoft Visual Studio Solution File, Format Version 12.00
# Visual Studio 15
VisualStudioVersion = 15.0.28010.2041
MinimumVisualStudioVersion = 10.0.40219.1
Project("{8BC9CEB8-8B4A-11D0-8D11-00A0C91BC942}") = "Suber27.03", "Suber27.03\Suber27.03.vcxproj", "{0D2C5B05-0965-42C6-B390-72E3A087361F}"
EndProject
Global
	GlobalSection(SolutionConfigurationPlatforms) = preSolution
		Debug|x64 = Debug|x64
		Debug|x86 = Debug|x86
		Release|x64 = Release|x64
		Release|x86 = Release|x86
	EndGlobalSection
	GlobalSection(ProjectConfigurationPlatforms) = postSolution
		{0D2C5B05-0965-42C6-B390-72E3A087361F}.Debug|x64.ActiveCfg = Debug|x64
		{0D2C5B05-0965-42C6-B390-72E3A087361F}.Debug|x64.Build.0 = Debug|x64
		{0D2C5B05-0965-42C6-B390-72E3A087361F}.Debug|x86.ActiveCfg = Debug|Win32
		{0D2C5B05-0965-42C6-B390-72E3A087361F}.Debug|x86.Build.0 = Debug|Win32
		{0D2C5B05-0965-42C6-B390-72E3A087361F}.Release|x64.ActiveCfg = Release|x64
		{0D2C5B05-0965-42C6-B390-72E3A087361F}.Release|x64.Build.0 = Release|x64
		{0D2C5B05-0965-42C6-B390-72E3A087361F}.Release|x86.ActiveCfg = Release|Win32
		{0D2C5B05-0965-42C6-B390-72E3A087361F}.Release|x86.Build.0 = Release|Win32
	EndGlobalSection
	GlobalSection(SolutionProperties) = preSolution
		HideSolutionNode = FALSE
	EndGlobalSection
	GlobalSection(ExtensibilityGlobals) = postSolution
		SolutionGuid = {8FC23AFE-0796-45C2-AE36-6D7906461C86}
	EndGlobalSection
EndGlobal
