
Microsoft Visual Studio Solution File, Format Version 12.00
# Visual Studio 15
VisualStudioVersion = 15.0.28010.2041
MinimumVisualStudioVersion = 10.0.40219.1
Project("{8BC9CEB8-8B4A-11D0-8D11-00A0C91BC942}") = "Homeword_dimo_2", "Homeword_dimo_2\Homeword_dimo_2.vcxproj", "{810FDDDB-C282-45F1-BB36-56E845B6B587}"
EndProject
Global
	GlobalSection(SolutionConfigurationPlatforms) = preSolution
		Debug|x64 = Debug|x64
		Debug|x86 = Debug|x86
		Release|x64 = Release|x64
		Release|x86 = Release|x86
	EndGlobalSection
	GlobalSection(ProjectConfigurationPlatforms) = postSolution
		{810FDDDB-C282-45F1-BB36-56E845B6B587}.Debug|x64.ActiveCfg = Debug|x64
		{810FDDDB-C282-45F1-BB36-56E845B6B587}.Debug|x64.Build.0 = Debug|x64
		{810FDDDB-C282-45F1-BB36-56E845B6B587}.Debug|x86.ActiveCfg = Debug|Win32
		{810FDDDB-C282-45F1-BB36-56E845B6B587}.Debug|x86.Build.0 = Debug|Win32
		{810FDDDB-C282-45F1-BB36-56E845B6B587}.Release|x64.ActiveCfg = Release|x64
		{810FDDDB-C282-45F1-BB36-56E845B6B587}.Release|x64.Build.0 = Release|x64
		{810FDDDB-C282-45F1-BB36-56E845B6B587}.Release|x86.ActiveCfg = Release|Win32
		{810FDDDB-C282-45F1-BB36-56E845B6B587}.Release|x86.Build.0 = Release|Win32
	EndGlobalSection
	GlobalSection(SolutionProperties) = preSolution
		HideSolutionNode = FALSE
	EndGlobalSection
	GlobalSection(ExtensibilityGlobals) = postSolution
		SolutionGuid = {027914F0-C3F6-4315-A930-4120A5A53B0D}
	EndGlobalSection
EndGlobal
